# This file is automatically @generated by Cargo.
# It is not intended for manual editing.
version = 3

[[package]]
name = "aho-corasick"
version = "1.1.4"
source = "registry+https://github.com/rust-lang/crates.io-index"
checksum = "ddd31a130427c27518df266943a5308ed92d4b226cc639f5a8f1002816174301"
dependencies = [
 "memchr",
]

[[package]]
name = "alloca"
version = "0.4.0"
source = "registry+https://github.com/rust-lang/crates.io-index"
checksum = "e5a7d05ea6aea7e9e64d25b9156ba2fee3fdd659e34e41063cd2fc7cd020d7f4"
dependencies = [
 "cc",
]

[[package]]
name = "anes"
version = "0.1.6"
source = "registry+https://github.com/rust-lang/crates.io-index"
checksum = "4b46cbb362ab8752921c97e041f5e366ee6297bd428a31275b9fcf1e380f7299"

[[package]]
name = "anstyle"
version = "1.0.14"
source = "registry+https://github.com/rust-lang/crates.io-index"
checksum = "940b3a0ca603d1eade50a4846a2afffd5ef57a9feac2c0e2ec2e14f9ead76000"

[[package]]
name = "anyhow"
version = "1.0.102"
source = "registry+https://github.com/rust-lang/crates.io-index"
checksum = "7f202df86484c868dbad7eaa557ef785d5c66295e41b460ef922eca0723b842c"

[[package]]
name = "autocfg"
version = "1.5.1"
source = "registry+https://github.com/rust-lang/crates.io-index"
checksum = "f2032f911046de80f0a198e0901378627c33f59ea0ac00e363d481118bd70a53"

[[package]]
name = "bincode-next"
version = "2.1.0"
source = "registry+https://github.com/rust-lang/crates.io-index"
checksum = "dbe9e7e6d14aeb39557f226bff158a30e367fac279d0e69b8b42fb41999f9a86"
dependencies = [
 "serde",
 "unty-next",
]

[[package]]
name = "bon"
version = "3.9.3"
dependencies = [
 "bon-macros",
 "expect-test",
 "macro_rules_attribute",
 "rustversion",
 "tokio",
 "trybuild",
]

[[package]]
name = "bon-macros"
version = "3.9.3"
dependencies = [
 "darling",
 "expect-test",
 "ident_case",
 "prettyplease",
 "proc-macro2",
 "quote",
 "rustversion",
 "syn",
]

[[package]]
name = "bon-sandbox"
version = "3.9.3"
dependencies = [
 "bon",
 "buildstructor",
 "derive_builder",
 "typed-builder",
]

[[package]]
name = "buildstructor"
version = "0.6.0"
source = "registry+https://github.com/rust-lang/crates.io-index"
checksum = "caabaaee17b2a78d7aa349a33edc9090c6bb47e6dfb25b0da281df57628bba68"
dependencies = [
 "proc-macro2",
 "quote",
 "str_inflector",
 "syn",
 "try_match",
]

[[package]]
name = "bumpalo"
version = "3.20.3"
source = "registry+https://github.com/rust-lang/crates.io-index"
checksum = "72f5acc6cb2ba439de613abc23857ec3d78374d8ed5ac84e9d11336e87da8649"

[[package]]
name = "cast"
version = "0.3.0"
source = "registry+https://github.com/rust-lang/crates.io-index"
checksum = "37b2a672a2cb129a2e41c10b1224bb368f9f37a2b16b612598138befd7b37eb5"

[[package]]
name = "cc"
version = "1.2.63"
source = "registry+https://github.com/rust-lang/crates.io-index"
checksum = "556e016178bb5662a08681bbe0f00f8e17631781a4dfc8c45e466e4b185ec27f"
dependencies = [
 "find-msvc-tools",
 "shlex",
]

[[package]]
name = "cfg-if"
version = "1.0.4"
source = "registry+https://github.com/rust-lang/crates.io-index"
checksum = "9330f8b2ff13f34540b44e946ef35111825727b38d33286ef986142615121801"

[[package]]
name = "ciborium"
version = "0.2.2"
source = "registry+https://github.com/rust-lang/crates.io-index"
checksum = "42e69ffd6f0917f5c029256a24d0161db17cea3997d185db0d35926308770f0e"
dependencies = [
 "ciborium-io",
 "ciborium-ll",
 "serde",
]

[[package]]
name = "ciborium-io"
version = "0.2.2"
source = "registry+https://github.com/rust-lang/crates.io-index"
checksum = "05afea1e0a06c9be33d539b876f1ce3692f4afea2cb41f740e7743225ed1c757"

[[package]]
name = "ciborium-ll"
version = "0.2.2"
source = "registry+https://github.com/rust-lang/crates.io-index"
checksum = "57663b653d948a338bfb3eeba9bb2fd5fcfaecb9e199e87e1eda4d9e8b240fd9"
dependencies = [
 "ciborium-io",
 "half",
]

[[package]]
name = "clap"
version = "4.6.1"
source = "registry+https://github.com/rust-lang/crates.io-index"
checksum = "1ddb117e43bbf7dacf0a4190fef4d345b9bad68dfc649cb349e7d17d28428e51"
dependencies = [
 "clap_builder",
]

[[package]]
name = "clap_builder"
version = "4.6.0"
source = "registry+https://github.com/rust-lang/crates.io-index"
checksum = "714a53001bf66416adb0e2ef5ac857140e7dc3a0c48fb28b2f10762fc4b5069f"
dependencies = [
 "anstyle",
 "clap_lex",
]

[[package]]
name = "clap_lex"
version = "1.1.0"
source = "registry+https://github.com/rust-lang/crates.io-index"
checksum = "c8d4a3bb8b1e0c1050499d1815f5ab16d04f0959b233085fb31653fbfc9d98f9"

[[package]]
name = "compilation-benchmarks"
version = "0.1.0"
dependencies = [
 "bon",
 "cfg-if",
 "derive_builder",
 "typed-builder",
]

[[package]]
name = "compilation-benchmarks-codegen"
version = "0.1.0"
dependencies = [
 "anyhow",
 "proc-macro2",
 "quote",
]

[[package]]
name = "criterion"
version = "0.8.2"
source = "registry+https://github.com/rust-lang/crates.io-index"
checksum = "950046b2aa2492f9a536f5f4f9a3de7b9e2476e575e05bd6c333371add4d98f3"
dependencies = [
 "alloca",
 "anes",
 "cast",
 "ciborium",
 "clap",
 "criterion-plot",
 "itertools 0.13.0",
 "num-traits",
 "oorandom",
 "page_size",
 "plotters",
 "rayon",
 "regex",
 "serde",
 "serde_json",
 "tinytemplate",
 "walkdir",
]

[[package]]
name = "criterion-plot"
version = "0.8.2"
source = "registry+https://github.com/rust-lang/crates.io-index"
checksum = "d8d80a2f4f5b554395e47b5d8305bc3d27813bacb73493eb1001e8f76dae29ea"
dependencies = [
 "cast",
 "itertools 0.13.0",
]

[[package]]
name = "crossbeam-deque"
version = "0.8.6"
source = "registry+https://github.com/rust-lang/crates.io-index"
checksum = "9dd111b7b7f7d55b72c0a6ae361660ee5853c9af73f70c3c2ef6858b950e2e51"
dependencies = [
 "crossbeam-epoch",
 "crossbeam-utils",
]

[[package]]
name = "crossbeam-epoch"
version = "0.9.18"
source = "registry+https://github.com/rust-lang/crates.io-index"
checksum = "5b82ac4a3c2ca9c3460964f020e1402edd5753411d7737aa39c3714ad1b5420e"
dependencies = [
 "crossbeam-utils",
]

[[package]]
name = "crossbeam-utils"
version = "0.8.21"
source = "registry+https://github.com/rust-lang/crates.io-index"
checksum = "d0a5c400df2834b80a4c3327b3aad3a4c4cd4de0629063962b03235697506a28"

[[package]]
name = "crunchy"
version = "0.2.4"
source = "registry+https://github.com/rust-lang/crates.io-index"
checksum = "460fbee9c2c2f33933d720630a6a0bac33ba7053db5344fac858d4b8952d77d5"

[[package]]
name = "darling"
version = "0.20.11"
source = "registry+https://github.com/rust-lang/crates.io-index"
checksum = "fc7f46116c46ff9ab3eb1597a45688b6715c6e628b5c133e288e709a29bcb4ee"
dependencies = [
 "darling_core",
 "darling_macro",
]

[[package]]
name = "darling_core"
version = "0.20.11"
source = "registry+https://github.com/rust-lang/crates.io-index"
checksum = "0d00b9596d185e565c2207a0b01f8bd1a135483d02d9b7b0a54b11da8d53412e"
dependencies = [
 "fnv",
 "ident_case",
 "proc-macro2",
 "quote",
 "strsim",
 "syn",
]

[[package]]
name = "darling_macro"
version = "0.20.11"
source = "registry+https://github.com/rust-lang/crates.io-index"
checksum = "fc34b93ccb385b40dc71c6fceac4b2ad23662c7eeb248cf10d529b7e055b6ead"
dependencies = [
 "darling_core",
 "quote",
 "syn",
]

[[package]]
name = "derive_builder"
version = "0.20.2"
source = "registry+https://github.com/rust-lang/crates.io-index"
checksum = "507dfb09ea8b7fa618fcf76e953f4f5e192547945816d5358edffe39f6f94947"
dependencies = [
 "derive_builder_macro",
]

[[package]]
name = "derive_builder_core"
version = "0.20.2"
source = "registry+https://github.com/rust-lang/crates.io-index"
checksum = "2d5bcf7b024d6835cfb3d473887cd966994907effbe9227e8c8219824d06c4e8"
dependencies = [
 "darling",
 "proc-macro2",
 "quote",
 "syn",
]

[[package]]
name = "derive_builder_macro"
version = "0.20.2"
source = "registry+https://github.com/rust-lang/crates.io-index"
checksum = "ab63b0e2bf4d5928aff72e83a7dace85d7bba5fe12dcc3c5a572d78caffd3f3c"
dependencies = [
 "derive_builder_core",
 "syn",
]

[[package]]
name = "derive_more"
version = "2.1.1"
source = "registry+https://github.com/rust-lang/crates.io-index"
checksum = "d751e9e49156b02b44f9c1815bcb94b984cdcc4396ecc32521c739452808b134"
dependencies = [
 "derive_more-impl",
]

[[package]]
name = "derive_more-impl"
version = "2.1.1"
source = "registry+https://github.com/rust-lang/crates.io-index"
checksum = "799a97264921d8623a957f6c3b9011f3b5492f557bbb7a5a19b7fa6d06ba8dcb"
dependencies = [
 "proc-macro2",
 "quote",
 "rustc_version",
 "syn",
]

[[package]]
name = "dissimilar"
version = "1.0.11"
source = "registry+https://github.com/rust-lang/crates.io-index"
checksum = "aeda16ab4059c5fd2a83f2b9c9e9c981327b18aa8e3b313f7e6563799d4f093e"

[[package]]
name = "doctests"
version = "0.1.0"
dependencies = [
 "anyhow",
 "bon",
 "buildstructor",
 "itertools 0.14.0",
 "lazy-regex",
 "macro_rules_attribute",
 "tokio",
 "typed-builder",
 "walkdir",
]

[[package]]
name = "either"
version = "1.16.0"
source = "registry+https://github.com/rust-lang/crates.io-index"
checksum = "91622ff5e7162018101f2fea40d6ebf4a78bbe5a49736a2020649edf9693679e"

[[package]]
name = "equivalent"
version = "1.0.2"
source = "registry+https://github.com/rust-lang/crates.io-index"
checksum = "877a4ace8713b0bcf2a4e7eec82529c029f1d0619886d18145fea96c3ffe5c0f"

[[package]]
name = "expect-test"
version = "1.5.1"
source = "registry+https://github.com/rust-lang/crates.io-index"
checksum = "63af43ff4431e848fb47472a920f14fa71c24de13255a5692e93d4e90302acb0"
dependencies = [
 "dissimilar",
 "once_cell",
]

[[package]]
name = "find-msvc-tools"
version = "0.1.9"
source = "registry+https://github.com/rust-lang/crates.io-index"
checksum = "5baebc0774151f905a1a2cc41989300b1e6fbb29aff0ceffa1064fdd3088d582"

[[package]]
name = "fnv"
version = "1.0.7"
source = "registry+https://github.com/rust-lang/crates.io-index"
checksum = "3f9eec918d3f24069decb9af1554cad7c880e2da24a9afd88aca000531ab82c1"

[[package]]
name = "futures-core"
version = "0.3.32"
source = "registry+https://github.com/rust-lang/crates.io-index"
checksum = "7e3450815272ef58cec6d564423f6e755e25379b217b0bc688e295ba24df6b1d"

[[package]]
name = "futures-task"
version = "0.3.32"
source = "registry+https://github.com/rust-lang/crates.io-index"
checksum = "037711b3d59c33004d3856fbdc83b99d4ff37a24768fa1be9ce3538a1cde4393"

[[package]]
name = "futures-util"
version = "0.3.32"
source = "registry+https://github.com/rust-lang/crates.io-index"
checksum = "389ca41296e6190b48053de0321d02a77f32f8a5d2461dd38762c0593805c6d6"
dependencies = [
 "futures-core",
 "futures-task",
 "pin-project-lite",
 "slab",
]

[[package]]
name = "glob"
version = "0.3.3"
source = "registry+https://github.com/rust-lang/crates.io-index"
checksum = "0cc23270f6e1808e30a928bdc84dea0b9b4136a8bc82338574f23baf47bbd280"

[[package]]
name = "gungraun"
version = "0.19.2"
source = "registry+https://github.com/rust-lang/crates.io-index"
checksum = "7dcd6043b1ff8096c10cdd5c59930139b52ba63cbd1a3452bc3ff95d996f9334"
dependencies = [
 "bincode-next",
 "derive_more",
 "gungraun-macros",
 "gungraun-runner",
]

[[package]]
name = "gungraun-macros"
version = "0.9.1"
source = "registry+https://github.com/rust-lang/crates.io-index"
checksum = "d7f3214bae6cfd6739f4f29edb262bae439c6393a7b7b12c4eeb96417c2e50df"
dependencies = [
 "derive_more",
 "proc-macro-error3",
 "proc-macro2",
 "quote",
 "rustc_version",
 "serde",
 "serde_json",
 "syn",
]

[[package]]
name = "gungraun-runner"
version = "0.19.2"
source = "registry+https://github.com/rust-lang/crates.io-index"
checksum = "6965c4e60026245b5600b05ab4c4af5ae1eaf72b8ec5da86c9cc6af01258d8cc"
dependencies = [
 "serde",
]

[[package]]
name = "half"
version = "2.7.1"
source = "registry+https://github.com/rust-lang/crates.io-index"
checksum = "6ea2d84b969582b4b1864a92dc5d27cd2b77b622a8d79306834f1be5ba20d84b"
dependencies = [
 "cfg-if",
 "crunchy",
 "zerocopy",
]

[[package]]
name = "hashbrown"
version = "0.17.1"
source = "registry+https://github.com/rust-lang/crates.io-index"
checksum = "ed5909b6e89a2db4456e54cd5f673791d7eca6732202bbf2a9cc504fe2f9b84a"

[[package]]
name = "ident_case"
version = "1.0.1"
source = "registry+https://github.com/rust-lang/crates.io-index"
checksum = "b9e0384b61958566e926dc50660321d12159025e767c18e043daf26b70104c39"

[[package]]
name = "indexmap"
version = "2.14.0"
source = "registry+https://github.com/rust-lang/crates.io-index"
checksum = "d466e9454f08e4a911e14806c24e16fba1b4c121d1ea474396f396069cf949d9"
dependencies = [
 "equivalent",
 "hashbrown",
]

[[package]]
name = "itertools"
version = "0.13.0"
source = "registry+https://github.com/rust-lang/crates.io-index"
checksum = "413ee7dfc52ee1a4949ceeb7dbc8a33f2d6c088194d9f922fb8318faf1f01186"
dependencies = [
 "either",
]

[[package]]
name = "itertools"
version = "0.14.0"
source = "registry+https://github.com/rust-lang/crates.io-index"
checksum = "2b192c782037fadd9cfa75548310488aabdbf3d2da73885b31bd0abd03351285"
dependencies = [
 "either",
]

[[package]]
name = "itoa"
version = "1.0.18"
source = "registry+https://github.com/rust-lang/crates.io-index"
checksum = "8f42a60cbdf9a97f5d2305f08a87dc4e09308d1276d28c869c684d7777685682"

[[package]]
name = "js-sys"
version = "0.3.100"
source = "registry+https://github.com/rust-lang/crates.io-index"
checksum = "f2025f20d7a4fa7785846e7b63d10a76d3f1cee98ee5cb79ea59703f95e42162"
dependencies = [
 "cfg-if",
 "futures-util",
 "wasm-bindgen",
]

[[package]]
name = "lazy-regex"
version = "3.6.0"
source = "registry+https://github.com/rust-lang/crates.io-index"
checksum = "6bae91019476d3ec7147de9aa291cadb6d870abf2f3015d2da73a90325ac1496"
dependencies = [
 "lazy-regex-proc_macros",
 "once_cell",
 "regex",
]

[[package]]
name = "lazy-regex-proc_macros"
version = "3.6.0"
source = "registry+https://github.com/rust-lang/crates.io-index"
checksum = "4de9c1e1439d8b7b3061b2d209809f447ca33241733d9a3c01eabf2dc8d94358"
dependencies = [
 "proc-macro2",
 "quote",
 "regex",
 "syn",
]

[[package]]
name = "lazy_static"
version = "1.5.0"
source = "registry+https://github.com/rust-lang/crates.io-index"
checksum = "bbd2bcb4c963f2ddae06a2efc7e9f3591312473c50c6685e1f298068316e66fe"

[[package]]
name = "libc"
version = "0.2.186"
source = "registry+https://github.com/rust-lang/crates.io-index"
checksum = "68ab91017fe16c622486840e4c83c9a37afeff978bd239b5293d61ece587de66"

[[package]]
name = "macro_rules_attribute"
version = "0.2.2"
source = "registry+https://github.com/rust-lang/crates.io-index"
checksum = "65049d7923698040cd0b1ddcced9b0eb14dd22c5f86ae59c3740eab64a676520"
dependencies = [
 "macro_rules_attribute-proc_macro",
 "paste",
]

[[package]]
name = "macro_rules_attribute-proc_macro"
version = "0.2.2"
source = "registry+https://github.com/rust-lang/crates.io-index"
checksum = "670fdfda89751bc4a84ac13eaa63e205cf0fd22b4c9a5fbfa085b63c1f1d3a30"

[[package]]
name = "memchr"
version = "2.8.1"
source = "registry+https://github.com/rust-lang/crates.io-index"
checksum = "6b947ae49db0d222b1dbc6b113ce7248a3fc3a6ca21b696717bfc000ba4484d8"

[[package]]
name = "num-traits"
version = "0.2.19"
source = "registry+https://github.com/rust-lang/crates.io-index"
checksum = "071dfc062690e90b734c0b2273ce72ad0ffa95f0c74596bc250dcfd960262841"
dependencies = [
 "autocfg",
]

[[package]]
name = "once_cell"
version = "1.21.4"
source = "registry+https://github.com/rust-lang/crates.io-index"
checksum = "9f7c3e4beb33f85d45ae3e3a1792185706c8e16d043238c593331cc7cd313b50"

[[package]]
name = "oorandom"
version = "11.1.5"
source = "registry+https://github.com/rust-lang/crates.io-index"
checksum = "d6790f58c7ff633d8771f42965289203411a5e5c68388703c06e14f24770b41e"

[[package]]
name = "page_size"
version = "0.6.0"
source = "registry+https://github.com/rust-lang/crates.io-index"
checksum = "30d5b2194ed13191c1999ae0704b7839fb18384fa22e49b57eeaa97d79ce40da"
dependencies = [
 "libc",
 "winapi",
]

[[package]]
name = "paste"
version = "1.0.15"
source = "registry+https://github.com/rust-lang/crates.io-index"
checksum = "57c0d7b74b563b49d38dae00a0c37d4d6de9b432382b2892f0574ddcae73fd0a"

[[package]]
name = "pin-project-lite"
version = "0.2.17"
source = "registry+https://github.com/rust-lang/crates.io-index"
checksum = "a89322df9ebe1c1578d689c92318e070967d1042b512afbe49518723f4e6d5cd"

[[package]]
name = "plotters"
version = "0.3.7"
source = "registry+https://github.com/rust-lang/crates.io-index"
checksum = "5aeb6f403d7a4911efb1e33402027fc44f29b5bf6def3effcc22d7bb75f2b747"
dependencies = [
 "num-traits",
 "plotters-backend",
 "plotters-svg",
 "wasm-bindgen",
 "web-sys",
]

[[package]]
name = "plotters-backend"
version = "0.3.7"
source = "registry+https://github.com/rust-lang/crates.io-index"
checksum = "df42e13c12958a16b3f7f4386b9ab1f3e7933914ecea48da7139435263a4172a"

[[package]]
name = "plotters-svg"
version = "0.3.7"
source = "registry+https://github.com/rust-lang/crates.io-index"
checksum = "51bae2ac328883f7acdfea3d66a7c35751187f870bc81f94563733a154d7a670"
dependencies = [
 "plotters-backend",
]

[[package]]
name = "prettyplease"
version = "0.2.37"
source = "registry+https://github.com/rust-lang/crates.io-index"
checksum = "479ca8adacdd7ce8f1fb39ce9ecccbfe93a3f1344b3d0d97f20bc0196208f62b"
dependencies = [
 "proc-macro2",
 "syn",
]

[[package]]
name = "proc-macro-error-attr3"
version = "3.0.2"
source = "registry+https://github.com/rust-lang/crates.io-index"
checksum = "34e4dd828515431dd6c4a030d26f7eaed7dd4778226e9d2bb968d65ca4ec3d4d"
dependencies = [
 "proc-macro2",
 "quote",
]

[[package]]
name = "proc-macro-error3"
version = "3.0.2"
source = "registry+https://github.com/rust-lang/crates.io-index"
checksum = "5ee475e440453418ff1335189eddf7101ba502cd818ab7ae04209bc83aa925aa"
dependencies = [
 "proc-macro-error-attr3",
 "proc-macro2",
 "quote",
 "syn",
]

[[package]]
name = "proc-macro2"
version = "1.0.106"
source = "registry+https://github.com/rust-lang/crates.io-index"
checksum = "8fd00f0bb2e90d81d1044c2b32617f68fcb9fa3bb7640c23e9c748e53fb30934"
dependencies = [
 "unicode-ident",
]

[[package]]
name = "quote"
version = "1.0.45"
source = "registry+https://github.com/rust-lang/crates.io-index"
checksum = "41f2619966050689382d2b44f664f4bc593e129785a36d6ee376ddf37259b924"
dependencies = [
 "proc-macro2",
]

[[package]]
name = "rayon"
version = "1.12.0"
source = "registry+https://github.com/rust-lang/crates.io-index"
checksum = "fb39b166781f92d482534ef4b4b1b2568f42613b53e5b6c160e24cfbfa30926d"
dependencies = [
 "either",
 "rayon-core",
]

[[package]]
name = "rayon-core"
version = "1.13.0"
source = "registry+https://github.com/rust-lang/crates.io-index"
checksum = "22e18b0f0062d30d4230b2e85ff77fdfe4326feb054b9783a3460d8435c8ab91"
dependencies = [
 "crossbeam-deque",
 "crossbeam-utils",
]

[[package]]
name = "regex"
version = "1.12.4"
source = "registry+https://github.com/rust-lang/crates.io-index"
checksum = "f1292b7759ae1cb9ec195452d1390a074f0cd8541ab7a5a8c31cd6db45d4a6ba"
dependencies = [
 "aho-corasick",
 "memchr",
 "regex-automata",
 "regex-syntax",
]

[[package]]
name = "regex-automata"
version = "0.4.14"
source = "registry+https://github.com/rust-lang/crates.io-index"
checksum = "6e1dd4122fc1595e8162618945476892eefca7b88c52820e74af6262213cae8f"
dependencies = [
 "aho-corasick",
 "memchr",
 "regex-syntax",
]

[[package]]
name = "regex-syntax"
version = "0.8.11"
source = "registry+https://github.com/rust-lang/crates.io-index"
checksum = "d6f6ff9a378485b298a5286656da665ba74413d36db0979633275d2e708145d4"

[[package]]
name = "runtime-benchmarks"
version = "0.1.0"
dependencies = [
 "bon",
 "cfg-if",
 "criterion",
 "gungraun",
]

[[package]]
name = "rustc_version"
version = "0.4.1"
source = "registry+https://github.com/rust-lang/crates.io-index"
checksum = "cfcb3a22ef46e85b45de6ee7e79d063319ebb6594faafcf1c225ea92ab6e9b92"
dependencies = [
 "semver",
]

[[package]]
name = "rustversion"
version = "1.0.22"
source = "registry+https://github.com/rust-lang/crates.io-index"
checksum = "b39cdef0fa800fc44525c84ccb54a029961a8215f9619753635a9c0d2538d46d"

[[package]]
name = "same-file"
version = "1.0.6"
source = "registry+https://github.com/rust-lang/crates.io-index"
checksum = "93fc1dc3aaa9bfed95e02e6eadabb4baf7e3078b0bd1b4d7b6b0b68378900502"
dependencies = [
 "winapi-util",
]

[[package]]
name = "semver"
version = "1.0.28"
source = "registry+https://github.com/rust-lang/crates.io-index"
checksum = "8a7852d02fc848982e0c167ef163aaff9cd91dc640ba85e263cb1ce46fae51cd"

[[package]]
name = "serde"
version = "1.0.228"
source = "registry+https://github.com/rust-lang/crates.io-index"
checksum = "9a8e94ea7f378bd32cbbd37198a4a91436180c5bb472411e48b5ec2e2124ae9e"
dependencies = [
 "serde_core",
 "serde_derive",
]

[[package]]
name = "serde_core"
version = "1.0.228"
source = "registry+https://github.com/rust-lang/crates.io-index"
checksum = "41d385c7d4ca58e59fc732af25c3983b67ac852c1a25000afe1175de458b67ad"
dependencies = [
 "serde_derive",
]

[[package]]
name = "serde_derive"
version = "1.0.228"
source = "registry+https://github.com/rust-lang/crates.io-index"
checksum = "d540f220d3187173da220f885ab66608367b6574e925011a9353e4badda91d79"
dependencies = [
 "proc-macro2",
 "quote",
 "syn",
]

[[package]]
name = "serde_json"
version = "1.0.150"
source = "registry+https://github.com/rust-lang/crates.io-index"
checksum = "e8014e44b4736ed0538adeecded0fce2a272f22dc9578a7eb6b2d9993c74cfb9"
dependencies = [
 "itoa",
 "memchr",
 "serde",
 "serde_core",
 "zmij",
]

[[package]]
name = "serde_spanned"
version = "1.1.1"
source = "registry+https://github.com/rust-lang/crates.io-index"
checksum = "6662b5879511e06e8999a8a235d848113e942c9124f211511b16466ee2995f26"
dependencies = [
 "serde_core",
]

[[package]]
name = "shlex"
version = "2.0.1"
source = "registry+https://github.com/rust-lang/crates.io-index"
checksum = "f8fadd59c855ef2080decdef8ff161eb6661b86933c9d82e5ba29dc602a55aba"

[[package]]
name = "slab"
version = "0.4.12"
source = "registry+https://github.com/rust-lang/crates.io-index"
checksum = "0c790de23124f9ab44544d7ac05d60440adc586479ce501c1d6d7da3cd8c9cf5"

[[package]]
name = "str_inflector"
version = "0.12.0"
source = "registry+https://github.com/rust-lang/crates.io-index"
checksum = "ec0b848d5a7695b33ad1be00f84a3c079fe85c9278a325ff9159e6c99cef4ef7"
dependencies = [
 "lazy_static",
 "regex",
]

[[package]]
name = "strsim"
version = "0.11.1"
source = "registry+https://github.com/rust-lang/crates.io-index"
checksum = "7da8b5736845d9f2fcb837ea5d9e2628564b3b043a70948a3f0b778838c5fb4f"

[[package]]
name = "syn"
version = "2.0.117"
source = "registry+https://github.com/rust-lang/crates.io-index"
checksum = "e665b8803e7b1d2a727f4023456bbbbe74da67099c585258af0ad9c5013b9b99"
dependencies = [
 "proc-macro2",
 "quote",
 "unicode-ident",
]

[[package]]
name = "target-triple"
version = "1.0.0"
source = "registry+https://github.com/rust-lang/crates.io-index"
checksum = "591ef38edfb78ca4771ee32cf494cb8771944bee237a9b91fc9c1424ac4b777b"

[[package]]
name = "termcolor"
version = "1.4.1"
source = "registry+https://github.com/rust-lang/crates.io-index"
checksum = "06794f8f6c5c898b3275aebefa6b8a1cb24cd2c6c79397ab15774837a0bc5755"
dependencies = [
 "winapi-util",
]

[[package]]
name = "tinytemplate"
version = "1.2.1"
source = "registry+https://github.com/rust-lang/crates.io-index"
checksum = "be4d6b5f19ff7664e8c98d03e2139cb510db9b0a60b55f8e8709b689d939b6bc"
dependencies = [
 "serde",
 "serde_json",
]

[[package]]
name = "tokio"
version = "1.52.3"
source = "registry+https://github.com/rust-lang/crates.io-index"
checksum = "8fc7f01b389ac15039e4dc9531aa973a135d7a4135281b12d7c1bc79fd57fffe"
dependencies = [
 "pin-project-lite",
 "tokio-macros",
]

[[package]]
name = "tokio-macros"
version = "2.7.0"
source = "registry+https://github.com/rust-lang/crates.io-index"
checksum = "385a6cb71ab9ab790c5fe8d67f1645e6c450a7ce006a33de03daa956cf70a496"
dependencies = [
 "proc-macro2",
 "quote",
 "syn",
]

[[package]]
name = "toml"
version = "1.1.2+spec-1.1.0"
source = "registry+https://github.com/rust-lang/crates.io-index"
checksum = "81f3d15e84cbcd896376e6730314d59fb5a87f31e4b038454184435cd57defee"
dependencies = [
 "indexmap",
 "serde_core",
 "serde_spanned",
 "toml_datetime",
 "toml_parser",
 "toml_writer",
 "winnow",
]

[[package]]
name = "toml_datetime"
version = "1.1.1+spec-1.1.0"
source = "registry+https://github.com/rust-lang/crates.io-index"
checksum = "3165f65f62e28e0115a00b2ebdd37eb6f3b641855f9d636d3cd4103767159ad7"
dependencies = [
 "serde_core",
]

[[package]]
name = "toml_parser"
version = "1.1.2+spec-1.1.0"
source = "registry+https://github.com/rust-lang/crates.io-index"
checksum = "a2abe9b86193656635d2411dc43050282ca48aa31c2451210f4202550afb7526"
dependencies = [
 "winnow",
]

[[package]]
name = "toml_writer"
version = "1.1.1+spec-1.1.0"
source = "registry+https://github.com/rust-lang/crates.io-index"
checksum = "756daf9b1013ebe47a8776667b466417e2d4c5679d441c26230efd9ef78692db"

[[package]]
name = "try_match"
version = "0.4.2"
source = "registry+https://github.com/rust-lang/crates.io-index"
checksum = "b065c869a3f832418e279aa4c1d7088f9d5d323bde15a60a08e20c2cd4549082"
dependencies = [
 "try_match_inner",
]

[[package]]
name = "try_match_inner"
version = "0.5.2"
source = "registry+https://github.com/rust-lang/crates.io-index"
checksum = "b9c81686f7ab4065ccac3df7a910c4249f8c0f3fb70421d6ddec19b9311f63f9"
dependencies = [
 "proc-macro2",
 "quote",
 "syn",
]

[[package]]
name = "trybuild"
version = "1.0.116"
source = "registry+https://github.com/rust-lang/crates.io-index"
checksum = "47c635f0191bd3a2941013e5062667100969f8c4e9cd787c14f977265d73616e"
dependencies = [
 "glob",
 "serde",
 "serde_derive",
 "serde_json",
 "target-triple",
 "termcolor",
 "toml",
]

[[package]]
name = "typed-builder"
version = "0.23.2"
source = "registry+https://github.com/rust-lang/crates.io-index"
checksum = "31aa81521b70f94402501d848ccc0ecaa8f93c8eb6999eb9747e72287757ffda"
dependencies = [
 "typed-builder-macro",
]

[[package]]
name = "typed-builder-macro"
version = "0.23.2"
source = "registry+https://github.com/rust-lang/crates.io-index"
checksum = "076a02dc54dd46795c2e9c8282ed40bcfb1e22747e955de9389a1de28190fb26"
dependencies = [
 "proc-macro2",
 "quote",
 "syn",
]

[[package]]
name = "unicode-ident"
version = "1.0.24"
source = "registry+https://github.com/rust-lang/crates.io-index"
checksum = "e6e4313cd5fcd3dad5cafa179702e2b244f760991f45397d14d4ebf38247da75"

[[package]]
name = "unty-next"
version = "0.1.1"
source = "registry+https://github.com/rust-lang/crates.io-index"
checksum = "9fa66022bbd1ab992fad72bdedcfd07a0023b6f5ecc83d50121e39e3a3caed41"

[[package]]
name = "walkdir"
version = "2.5.0"
source = "registry+https://github.com/rust-lang/crates.io-index"
checksum = "29790946404f91d9c5d06f9874efddea1dc06c5efe94541a7d6863108e3a5e4b"
dependencies = [
 "same-file",
 "winapi-util",
]

[[package]]
name = "wasm-bindgen"
version = "0.2.123"
source = "registry+https://github.com/rust-lang/crates.io-index"
checksum = "a254a4b10c19a76f09a27640e7ffbf9bc30bf67e16a3bf28aaefa4920fe81563"
dependencies = [
 "cfg-if",
 "once_cell",
 "rustversion",
 "wasm-bindgen-macro",
 "wasm-bindgen-shared",
]

[[package]]
name = "wasm-bindgen-macro"
version = "0.2.123"
source = "registry+https://github.com/rust-lang/crates.io-index"
checksum = "24a40fc75b0ec6f3746ceb10d36f53a93dcd68a93b11b6445983945d79eba0dc"
dependencies = [
 "quote",
 "wasm-bindgen-macro-support",
]

[[package]]
name = "wasm-bindgen-macro-support"
version = "0.2.123"
source = "registry+https://github.com/rust-lang/crates.io-index"
checksum = "908f34bd9b9ce3d4caf07b72dfab63d61504d156856c6bd3cd87fa350cf3985b"
dependencies = [
 "bumpalo",
 "proc-macro2",
 "quote",
 "syn",
 "wasm-bindgen-shared",
]

[[package]]
name = "wasm-bindgen-shared"
version = "0.2.123"
source = "registry+https://github.com/rust-lang/crates.io-index"
checksum = "7acbf7616c27b194bbb550bf77ed0c2c3e5b7fd1260a93082b95fb7f47959b92"
dependencies = [
 "unicode-ident",
]

[[package]]
name = "web-sys"
version = "0.3.100"
source = "registry+https://github.com/rust-lang/crates.io-index"
checksum = "6e0871acf327f283dc6da28a1696cdc64fb355ba9f935d052021fa77f35cce69"
dependencies = [
 "js-sys",
 "wasm-bindgen",
]

[[package]]
name = "winapi"
version = "0.3.9"
source = "registry+https://github.com/rust-lang/crates.io-index"
checksum = "5c839a674fcd7a98952e593242ea400abe93992746761e38641405d28b00f419"
dependencies = [
 "winapi-i686-pc-windows-gnu",
 "winapi-x86_64-pc-windows-gnu",
]

[[package]]
name = "winapi-i686-pc-windows-gnu"
version = "0.4.0"
source = "registry+https://github.com/rust-lang/crates.io-index"
checksum = "ac3b87c63620426dd9b991e5ce0329eff545bccbbb34f3be09ff6fb6ab51b7b6"

[[package]]
name = "winapi-util"
version = "0.1.11"
source = "registry+https://github.com/rust-lang/crates.io-index"
checksum = "c2a7b1c03c876122aa43f3020e6c3c3ee5c05081c9a00739faf7503aeba10d22"
dependencies = [
 "windows-sys",
]

[[package]]
name = "winapi-x86_64-pc-windows-gnu"
version = "0.4.0"
source = "registry+https://github.com/rust-lang/crates.io-index"
checksum = "712e227841d057c1ee1cd2fb22fa7e5a5461ae8e48fa2ca79ec42cfc1931183f"

[[package]]
name = "windows-link"
version = "0.2.1"
source = "registry+https://github.com/rust-lang/crates.io-index"
checksum = "f0805222e57f7521d6a62e36fa9163bc891acd422f971defe97d64e70d0a4fe5"

[[package]]
name = "windows-sys"
version = "0.61.2"
source = "registry+https://github.com/rust-lang/crates.io-index"
checksum = "ae137229bcbd6cdf0f7b80a31df61766145077ddf49416a728b02cb3921ff3fc"
dependencies = [
 "windows-link",
]

[[package]]
name = "winnow"
version = "1.0.3"
source = "registry+https://github.com/rust-lang/crates.io-index"
checksum = "0592e1c9d151f854e6fd382574c3a0855250e1d9b2f99d9281c6e6391af352f1"

[[package]]
name = "zerocopy"
version = "0.8.52"
source = "registry+https://github.com/rust-lang/crates.io-index"
checksum = "ce1022995ff5ff5d841ad7d994facc23098cd40152f2c1d11cd607c6f530653f"
dependencies = [
 "zerocopy-derive",
]

[[package]]
name = "zerocopy-derive"
version = "0.8.52"
source = "registry+https://github.com/rust-lang/crates.io-index"
checksum = "1ae7f38b72ec2a254e2b87ef277cf2cd4fb97cbebf944faa6f33354da0867930"
dependencies = [
 "proc-macro2",
 "quote",
 "syn",
]

[[package]]
name = "zmij"
version = "1.0.21"
source = "registry+https://github.com/rust-lang/crates.io-index"
checksum = "b8848ee67ecc8aedbaf3e4122217aff892639231befc6a1b58d29fff4c2cabaa"
